// !$*UTF8*$!
{
	archiveVersion = 1;
	classes = {
	};
	objectVersion = 77;
	objects = {

/* Begin PBXContainerItemProxy section */
		F4A7901E2F45A26B00F745FA /* PBXContainerItemProxy */ = {
			isa = PBXContainerItemProxy;
			containerPortal = F4A790052F45A26900F745FA /* Project object */;
			proxyType = 1;
			remoteGlobalIDString = F4A7900C2F45A26900F745FA;
			remoteInfo = LeetCodeTrainer;
		};
		F4A790282F45A26B00F745FA /* PBXContainerItemProxy */ = {
			isa = PBXContainerItemProxy;
			containerPortal = F4A790052F45A26900F745FA /* Project object */;
			proxyType = 1;
			remoteGlobalIDString = F4A7900C2F45A26900F745FA;
			remoteInfo = LeetCodeTrainer;
		};
/* End PBXContainerItemProxy section */

/* Begin PBXFileReference section */
		F4A7900D2F45A26900F745FA /* LeetCodeTrainer.app */ = {isa = PBXFileReference; explicitFileType = wrapper.application; includeInIndex = 0; path = LeetCodeTrainer.app; sourceTree = BUILT_PRODUCTS_DIR; };
		F4A7901D2F45A26B00F745FA /* LeetCodeTrainerTests.xctest */ = {isa = PBXFileReference; explicitFileType = wrapper.cfbundle; includeInIndex = 0; path = LeetCodeTrainerTests.xctest; sourceTree = BUILT_PRODUCTS_DIR; };
		F4A790272F45A26B00F745FA /* LeetCodeTrainerUITests.xctest */ = {isa = PBXFileReference; explicitFileType = wrapper.cfbundle; includeInIndex = 0; path = LeetCodeTrainerUITests.xctest; sourceTree = BUILT_PRODUCTS_DIR; };
/* End PBXFileReference section */

/* Begin PBXFileSystemSynchronizedRootGroup section */
		F4A7900F2F45A26900F745FA /* LeetCodeTrainer */ = {
			isa = PBXFileSystemSynchronizedRootGroup;
			path = LeetCodeTrainer;
			sourceTree = "<group>";
		};
		F4A790202F45A26B00F745FA /* LeetCodeTrainerTests */ = {
			isa = PBXFileSystemSynchronizedRootGroup;
			path = LeetCodeTrainerTests;
			sourceTree = "<group>";
		};
		F4A7902A2F45A26B00F745FA /* LeetCodeTrainerUITests */ = {
			isa = PBXFileSystemSynchronizedRootGroup;
			path = LeetCodeTrainerUITests;
			sourceTree = "<group>";
		};
/* End PBXFileSystemSynchronizedRootGroup section */

/* Begin PBXFrameworksBuildPhase section */
		F4A7900A2F45A26900F745FA /* Frameworks */ = {
			isa = PBXFrameworksBuildPhase;
			buildActionMask = 2147483647;
			files = (
			);
			runOnlyForDeploymentPostprocessing = 0;
		};
		F4A7901A2F45A26B00F745FA /* Frameworks */ = {
			isa = PBXFrameworksBuildPhase;
			buildActionMask = 2147483647;
			files = (
			);
			runOnlyForDeploymentPostprocessing = 0;
		};
		F4A790242F45A26B00F745FA /* Frameworks */ = {
			isa = PBXFrameworksBuildPhase;
			buildActionMask = 2147483647;
			files = (
			);
			runOnlyForDeploymentPostprocessing = 0;
		};
/* End PBXFrameworksBuildPhase section */

/* Begin PBXGroup section */
		F4A790042F45A26900F745FA = {
			isa = PBXGroup;
			children = (
				F4A7900F2F45A26900F745FA /* LeetCodeTrainer */,
				F4A790202F45A26B00F745FA /* LeetCodeTrainerTests */,
				F4A7902A2F45A26B00F745FA /* LeetCodeTrainerUITests */,
				F4A7900E2F45A26900F745FA /* Products */,
			);
			sourceTree = "<group>";
		};
		F4A7900E2F45A26900F745FA /* Products */ = {
			isa = PBXGroup;
			children = (
				F4A7900D2F45A26900F745FA /* LeetCodeTrainer.app */,
				F4A7901D2F45A26B00F745FA /* LeetCodeTrainerTests.xctest */,
				F4A790272F45A26B00F745FA /* LeetCodeTrainerUITests.xctest */,
			);
			name = Products;
			sourceTree = "<group>";
		};
/* End PBXGroup section */

/* Begin PBXNativeTarget section */
		F4A7900C2F45A26900F745FA /* LeetCodeTrainer */ = {
			isa = PBXNativeTarget;
			buildConfigurationList = F4A790312F45A26B00F745FA /* Build configuration list for PBXNativeTarget "LeetCodeTrainer" */;
			buildPhases = (
				F4A790092F45A26900F745FA /* Sources */,
				F4A7900A2F45A26900F745FA /* Frameworks */,
				F4A7900B2F45A26900F745FA /* Resources */,
			);
			buildRules = (
			);
			dependencies = (
			);
			fileSystemSynchronizedGroups = (
				F4A7900F2F45A26900F745FA /* LeetCodeTrainer */,
			);
			name = LeetCodeTrainer;
			packageProductDependencies = (
			);
			productName = LeetCodeTrainer;
			productReference = F4A7900D2F45A26900F745FA /* LeetCodeTrainer.app */;
			productType = "com.apple.product-type.application";
		};
		F4A7901C2F45A26B00F745FA /* LeetCodeTrainerTests */ = {
			isa = PBXNativeTarget;
			buildConfigurationList = F4A790342F45A26B00F745FA /* Build configuration list for PBXNativeTarget "LeetCodeTrainerTests" */;
			buildPhases = (
				F4A790192F45A26B00F745FA /* Sources */,
				F4A7901A2F45A26B00F745FA /* Frameworks */,
				F4A7901B2F45A26B00F745FA /* Resources */,
			);
			buildRules = (
			);
			dependencies = (
				F4A7901F2F45A26B00F745FA /* PBXTargetDependency */,
			);
			fileSystemSynchronizedGroups = (
				F4A790202F45A26B00F745FA /* LeetCodeTrainerTests */,
			);
			name = LeetCodeTrainerTests;
			packageProductDependencies = (
			);
			productName = LeetCodeTrainerTests;
			productReference = F4A7901D2F45A26B00F745FA /* LeetCodeTrainerTests.xctest */;
			productType = "com.apple.product-type.bundle.unit-test";
		};
		F4A790262F45A26B00F745FA /* LeetCodeTrainerUITests */ = {
			isa = PBXNativeTarget;
			buildConfigurationList = F4A790372F45A26B00F745FA /* Build configuration list for PBXNativeTarget "LeetCodeTrainerUITests" */;
			buildPhases = (
				F4A790232F45A26B00F745FA /* Sources */,
				F4A790242F45A26B00F745FA /* Frameworks */,
				F4A790252F45A26B00F745FA /* Resources */,
			);
			buildRules = (
			);
			dependencies = (
				F4A790292F45A26B00F745FA /* PBXTargetDependency */,
			);
			fileSystemSynchronizedGroups = (
				F4A7902A2F45A26B00F745FA /* LeetCodeTrainerUITests */,
			);
			name = LeetCodeTrainerUITests;
			packageProductDependencies = (
			);
			productName = LeetCodeTrainerUITests;
			productReference = F4A790272F45A26B00F745FA /* LeetCodeTrainerUITests.xctest */;
			productType = "com.apple.product-type.bundle.ui-testing";
		};
/* End PBXNativeTarget section */

/* Begin PBXProject section */
		F4A790052F45A26900F745FA /* Project object */ = {
			isa = PBXProject;
			attributes = {
				BuildIndependentTargetsInParallel = 1;
				LastSwiftUpdateCheck = 1620;
				LastUpgradeCheck = 1620;
				TargetAttributes = {
					F4A7900C2F45A26900F745FA = {
						CreatedOnToolsVersion = 16.2;
					};
					F4A7901C2F45A26B00F745FA = {
						CreatedOnToolsVersion = 16.2;
						TestTargetID = F4A7900C2F45A26900F745FA;
					};
					F4A790262F45A26B00F745FA = {
						CreatedOnToolsVersion = 16.2;
						TestTargetID = F4A7900C2F45A26900F745FA;
					};
				};
			};
			buildConfigurationList = F4A790082F45A26900F745FA /* Build configuration list for PBXProject "LeetCodeTrainer" */;
			developmentRegion = en;
			hasScannedForEncodings = 0;
			knownRegions = (
				en,
				Base,
			);
			mainGroup = F4A790042F45A26900F745FA;
			minimizedProjectReferenceProxies = 1;
			preferredProjectObjectVersion = 77;
			productRefGroup = F4A7900E2F45A26900F745FA /* Products */;
			projectDirPath = "";
			projectRoot = "";
			targets = (
				F4A7900C2F45A26900F745FA /* LeetCodeTrainer */,
				F4A7901C2F45A26B00F745FA /* LeetCodeTrainerTests */,
				F4A790262F45A26B00F745FA /* LeetCodeTrainerUITests */,
			);
		};
/* End PBXProject section */

/* Begin PBXResourcesBuildPhase section */
		F4A7900B2F45A26900F745FA /* Resources */ = {
			isa = PBXResourcesBuildPhase;
			buildActionMask = 2147483647;
			files = (
			);
			runOnlyForDeploymentPostprocessing = 0;
		};
		F4A7901B2F45A26B00F745FA /* Resources */ = {
			isa = PBXResourcesBuildPhase;
			buildActionMask = 2147483647;
			files = (
			);
			runOnlyForDeploymentPostprocessing = 0;
		};
		F4A790252F45A26B00F745FA /* Resources */ = {
			isa = PBXResourcesBuildPhase;
			buildActionMask = 2147483647;
			files = (
			);
			runOnlyForDeploymentPostprocessing = 0;
		};
/* End PBXResourcesBuildPhase section */

/* Begin PBXSourcesBuildPhase section */
		F4A790092F45A26900F745FA /* Sources */ = {
			isa = PBXSourcesBuildPhase;
			buildActionMask = 2147483647;
			files = (
			);
			runOnlyForDeploymentPostprocessing = 0;
		};
		F4A790192F45A26B00F745FA /* Sources */ = {
			isa = PBXSourcesBuildPhase;
			buildActionMask = 2147483647;
			files = (
			);
			runOnlyForDeploymentPostprocessing = 0;
		};
		F4A790232F45A26B00F745FA /* Sources */ = {
			isa = PBXSourcesBuildPhase;
			buildActionMask = 2147483647;
			files = (
			);
			runOnlyForDeploymentPostprocessing = 0;
		};
/* End PBXSourcesBuildPhase section */

/* Begin PBXTargetDependency section */
		F4A7901F2F45A26B00F745FA /* PBXTargetDependency */ = {
			isa = PBXTargetDependency;
			target = F4A7900C2F45A26900F745FA /* LeetCodeTrainer */;
			targetProxy = F4A7901E2F45A26B00F745FA /* PBXContainerItemProxy */;
		};
		F4A790292F45A26B00F745FA /* PBXTargetDependency */ = {
			isa = PBXTargetDependency;
			target = F4A7900C2F45A26900F745FA /* LeetCodeTrainer */;
			targetProxy = F4A790282F45A26B00F745FA /* PBXContainerItemProxy */;
		};
/* End PBXTargetDependency section */

/* Begin XCBuildConfiguration section */
		F4A7902F2F45A26B00F745FA /* Debug */ = {
			isa = XCBuildConfiguration;
			buildSettings = {
				ALWAYS_SEARCH_USER_PATHS = NO;
				ASSETCATALOG_COMPILER_GENERATE_SWIFT_ASSET_SYMBOL_EXTENSIONS = YES;
				CLANG_ANALYZER_NONNULL = YES;
				CLANG_ANALYZER_NUMBER_OBJECT_CONVERSION = YES_AGGRESSIVE;
				CLANG_CXX_LANGUAGE_STANDARD = "gnu++20";
				CLANG_ENABLE_MODULES = YES;
				CLANG_ENABLE_OBJC_ARC = YES;
				CLANG_ENABLE_OBJC_WEAK = YES;
				CLANG_WARN_BLOCK_CAPTURE_AUTORELEASING = YES;
				CLANG_WARN_BOOL_CONVERSION = YES;
				CLANG_WARN_COMMA = YES;
				CLANG_WARN_CONSTANT_CONVERSION = YES;
				CLANG_WARN_DEPRECATED_OBJC_IMPLEMENTATIONS = YES;
				CLANG_WARN_DIRECT_OBJC_ISA_USAGE = YES_ERROR;
				CLANG_WARN_DOCUMENTATION_COMMENTS = YES;
				CLANG_WARN_EMPTY_BODY = YES;
				CLANG_WARN_ENUM_CONVERSION = YES;
				CLANG_WARN_INFINITE_RECURSION = YES;
				CLANG_WARN_INT_CONVERSION = YES;
				CLANG_WARN_NON_LITERAL_NULL_CONVERSION = YES;
				CLANG_WARN_OBJC_IMPLICIT_RETAIN_SELF = YES;
				CLANG_WARN_OBJC_LITERAL_CONVERSION = YES;
				CLANG_WARN_OBJC_ROOT_CLASS = YES_ERROR;
				CLANG_WARN_QUOTED_INCLUDE_IN_FRAMEWORK_HEADER = YES;
				CLANG_WARN_RANGE_LOOP_ANALYSIS = YES;
				CLANG_WARN_STRICT_PROTOTYPES = YES;
				CLANG_WARN_SUSPICIOUS_MOVE = YES;
				CLANG_WARN_UNGUARDED_AVAILABILITY = YES_AGGRESSIVE;
				CLANG_WARN_UNREACHABLE_CODE = YES;
				CLANG_WARN__DUPLICATE_METHOD_MATCH = YES;
				COPY_PHASE_STRIP = NO;
				DEBUG_INFORMATION_FORMAT = dwarf;
				ENABLE_STRICT_OBJC_MSGSEND = YES;
				ENABLE_TESTABILITY = YES;
				ENABLE_USER_SCRIPT_SANDBOXING = YES;
				GCC_C_LANGUAGE_STANDARD = gnu17;
				GCC_DYNAMIC_NO_PIC = NO;
				GCC_NO_COMMON_BLOCKS = YES;
				GCC_OPTIMIZATION_LEVEL = 0;
				GCC_PREPROCESSOR_DEFINITIONS = (
					"DEBUG=1",
					"$(inherited)",
				);
				GCC_WARN_64_TO_32_BIT_CONVERSION = YES;
				GCC_WARN_ABOUT_RETURN_TYPE = YES_ERROR;
				GCC_WARN_UNDECLARED_SELECTOR = YES;
				GCC_WARN_UNINITIALIZED_AUTOS = YES_AGGRESSIVE;
				GCC_WARN_UNUSED_FUNCTION = YES;
				GCC_WARN_UNUSED_VARIABLE = YES;
				IPHONEOS_DEPLOYMENT_TARGET = 18.2;
				LOCALIZATION_PREFERS_STRING_CATALOGS = YES;
				MTL_ENABLE_DEBUG_INFO = INCLUDE_SOURCE;
				MTL_FAST_MATH = YES;
				ONLY_ACTIVE_ARCH = YES;
				SDKROOT = iphoneos;
				SWIFT_ACTIVE_COMPILATION_CONDITIONS = "DEBUG $(inherited)";
				SWIFT_OPTIMIZATION_LEVEL = "-Onone";
			};
			name = Debug;
		};
		F4A790302F45A26B00F745FA /* Release */ = {
			isa = XCBuildConfiguration;
			buildSettings = {
				ALWAYS_SEARCH_USER_PATHS = NO;
				ASSETCATALOG_COMPILER_GENERATE_SWIFT_ASSET_SYMBOL_EXTENSIONS = YES;
				CLANG_ANALYZER_NONNULL = YES;
				CLANG_ANALYZER_NUMBER_OBJECT_CONVERSION = YES_AGGRESSIVE;
				CLANG_CXX_LANGUAGE_STANDARD = "gnu++20";
				CLANG_ENABLE_MODULES = YES;
				CLANG_ENABLE_OBJC_ARC = YES;
				CLANG_ENABLE_OBJC_WEAK = YES;
				CLANG_WARN_BLOCK_CAPTURE_AUTORELEASING = YES;
				CLANG_WARN_BOOL_CONVERSION = YES;
				CLANG_WARN_COMMA = YES;
				CLANG_WARN_CONSTANT_CONVERSION = YES;
				CLANG_WARN_DEPRECATED_OBJC_IMPLEMENTATIONS = YES;
				CLANG_WARN_DIRECT_OBJC_ISA_USAGE = YES_ERROR;
				CLANG_WARN_DOCUMENTATION_COMMENTS = YES;
				CLANG_WARN_EMPTY_BODY = YES;
				CLANG_WARN_ENUM_CONVERSION = YES;
				CLANG_WARN_INFINITE_RECURSION = YES;
				CLANG_WARN_INT_CONVERSION = YES;
				CLANG_WARN_NON_LITERAL_NULL_CONVERSION = YES;
				CLANG_WARN_OBJC_IMPLICIT_RETAIN_SELF = YES;
				CLANG_WARN_OBJC_LITERAL_CONVERSION = YES;
				CLANG_WARN_OBJC_ROOT_CLASS = YES_ERROR;
				CLANG_WARN_QUOTED_INCLUDE_IN_FRAMEWORK_HEADER = YES;
				CLANG_WARN_RANGE_LOOP_ANALYSIS = YES;
				CLANG_WARN_STRICT_PROTOTYPES = YES;
				CLANG_WARN_SUSPICIOUS_MOVE = YES;
				CLANG_WARN_UNGUARDED_AVAILABILITY = YES_AGGRESSIVE;
				CLANG_WARN_UNREACHABLE_CODE = YES;
				CLANG_WARN__DUPLICATE_METHOD_MATCH = YES;
				COPY_PHASE_STRIP = NO;
				DEBUG_INFORMATION_FORMAT = "dwarf-with-dsym";
				ENABLE_NS_ASSERTIONS = NO;
				ENABLE_STRICT_OBJC_MSGSEND = YES;
				ENABLE_USER_SCRIPT_SANDBOXING = YES;
				GCC_C_LANGUAGE_STANDARD = gnu17;
				GCC_NO_COMMON_BLOCKS = YES;
				GCC_WARN_64_TO_32_BIT_CONVERSION = YES;
				GCC_WARN_ABOUT_RETURN_TYPE = YES_ERROR;
				GCC_WARN_UNDECLARED_SELECTOR = YES;
				GCC_WARN_UNINITIALIZED_AUTOS = YES_AGGRESSIVE;
				GCC_WARN_UNUSED_FUNCTION = YES;
				GCC_WARN_UNUSED_VARIABLE = YES;
				IPHONEOS_DEPLOYMENT_TARGET = 18.2;
				LOCALIZATION_PREFERS_STRING_CATALOGS = YES;
				MTL_ENABLE_DEBUG_INFO = NO;
				MTL_FAST_MATH = YES;
				SDKROOT = iphoneos;
				SWIFT_COMPILATION_MODE = wholemodule;
				VALIDATE_PRODUCT = YES;
			};
			name = Release;
		};
		F4A790322F45A26B00F745FA /* Debug */ = {
			isa = XCBuildConfiguration;
			buildSettings = {
				ASSETCATALOG_COMPILER_APPICON_NAME = AppIcon;
				ASSETCATALOG_COMPILER_GLOBAL_ACCENT_COLOR_NAME = AccentColor;
				CODE_SIGN_STYLE = Automatic;
				CURRENT_PROJECT_VERSION = 1;
				DEVELOPMENT_ASSET_PATHS = "\"LeetCodeTrainer/Preview Content\"";
				DEVELOPMENT_TEAM = 5QWX246F7X;
				ENABLE_PREVIEWS = YES;
				GENERATE_INFOPLIST_FILE = YES;
				INFOPLIST_KEY_UIApplicationSceneManifest_Generation = YES;
				INFOPLIST_KEY_UIApplicationSupportsIndirectInputEvents = YES;
				INFOPLIST_KEY_UILaunchScreen_Generation = YES;
				INFOPLIST_KEY_UISupportedInterfaceOrientations_iPad = "UIInterfaceOrientationPortrait UIInterfaceOrientationPortraitUpsideDown UIInterfaceOrientationLandscapeLeft UIInterfaceOrientationLandscapeRight";
				INFOPLIST_KEY_UISupportedInterfaceOrientations_iPhone = "UIInterfaceOrientationPortrait UIInterfaceOrientationLandscapeLeft UIInterfaceOrientationLandscapeRight";
				LD_RUNPATH_SEARCH_PATHS = (
					"$(inherited)",
					"@executable_path/Frameworks",
				);
				MARKETING_VERSION = 1.0;
				PRODUCT_BUNDLE_IDENTIFIER = GustafJensen.LeetCodeTrainer;
				PRODUCT_NAME = "$(TARGET_NAME)";
				SWIFT_EMIT_LOC_STRINGS = YES;
				SWIFT_VERSION = 5.0;
				TARGETED_DEVICE_FAMILY = "1,2";
			};
			name = Debug;
		};
		F4A790332F45A26B00F745FA /* Release */ = {
			isa = XCBuildConfiguration;
			buildSettings = {
				ASSETCATALOG_COMPILER_APPICON_NAME = AppIcon;
				ASSETCATALOG_COMPILER_GLOBAL_ACCENT_COLOR_NAME = AccentColor;
				CODE_SIGN_STYLE = Automatic;
				CURRENT_PROJECT_VERSION = 1;
				DEVELOPMENT_ASSET_PATHS = "\"LeetCodeTrainer/Preview Content\"";
				DEVELOPMENT_TEAM = 5QWX246F7X;
				ENABLE_PREVIEWS = YES;
				GENERATE_INFOPLIST_FILE = YES;
				INFOPLIST_KEY_UIApplicationSceneManifest_Generation = YES;
				INFOPLIST_KEY_UIApplicationSupportsIndirectInputEvents = YES;
				INFOPLIST_KEY_UILaunchScreen_Generation = YES;
				INFOPLIST_KEY_UISupportedInterfaceOrientations_iPad = "UIInterfaceOrientationPortrait UIInterfaceOrientationPortraitUpsideDown UIInterfaceOrientationLandscapeLeft UIInterfaceOrientationLandscapeRight";
				INFOPLIST_KEY_UISupportedInterfaceOrientations_iPhone = "UIInterfaceOrientationPortrait UIInterfaceOrientationLandscapeLeft UIInterfaceOrientationLandscapeRight";
				LD_RUNPATH_SEARCH_PATHS = (
					"$(inherited)",
					"@executable_path/Frameworks",
				);
				MARKETING_VERSION = 1.0;
				PRODUCT_BUNDLE_IDENTIFIER = GustafJensen.LeetCodeTrainer;
				PRODUCT_NAME = "$(TARGET_NAME)";
				SWIFT_EMIT_LOC_STRINGS = YES;
				SWIFT_VERSION = 5.0;
				TARGETED_DEVICE_FAMILY = "1,2";
			};
			name = Release;
		};
		F4A790352F45A26B00F745FA /* Debug */ = {
			isa = XCBuildConfiguration;
			buildSettings = {
				BUNDLE_LOADER = "$(TEST_HOST)";
				CODE_SIGN_STYLE = Automatic;
				CURRENT_PROJECT_VERSION = 1;
				DEVELOPMENT_TEAM = 5QWX246F7X;
				GENERATE_INFOPLIST_FILE = YES;
				IPHONEOS_DEPLOYMENT_TARGET = 18.2;
				MARKETING_VERSION = 1.0;
				PRODUCT_BUNDLE_IDENTIFIER = GustafJensen.LeetCodeTrainerTests;
				PRODUCT_NAME = "$(TARGET_NAME)";
				SWIFT_EMIT_LOC_STRINGS = NO;
				SWIFT_VERSION = 5.0;
				TARGETED_DEVICE_FAMILY = "1,2";
				TEST_HOST = "$(BUILT_PRODUCTS_DIR)/LeetCodeTrainer.app/$(BUNDLE_EXECUTABLE_FOLDER_PATH)/LeetCodeTrainer";
			};
			name = Debug;
		};
		F4A790362F45A26B00F745FA /* Release */ = {
			isa = XCBuildConfiguration;
			buildSettings = {
				BUNDLE_LOADER = "$(TEST_HOST)";
				CODE_SIGN_STYLE = Automatic;
				CURRENT_PROJECT_VERSION = 1;
				DEVELOPMENT_TEAM = 5QWX246F7X;
				GENERATE_INFOPLIST_FILE = YES;
				IPHONEOS_DEPLOYMENT_TARGET = 18.2;
				MARKETING_VERSION = 1.0;
				PRODUCT_BUNDLE_IDENTIFIER = GustafJensen.LeetCodeTrainerTests;
				PRODUCT_NAME = "$(TARGET_NAME)";
				SWIFT_EMIT_LOC_STRINGS = NO;
				SWIFT_VERSION = 5.0;
				TARGETED_DEVICE_FAMILY = "1,2";
				TEST_HOST = "$(BUILT_PRODUCTS_DIR)/LeetCodeTrainer.app/$(BUNDLE_EXECUTABLE_FOLDER_PATH)/LeetCodeTrainer";
			};
			name = Release;
		};
		F4A790382F45A26B00F745FA /* Debug */ = {
			isa = XCBuildConfiguration;
			buildSettings = {
				CODE_SIGN_STYLE = Automatic;
				CURRENT_PROJECT_VERSION = 1;
				DEVELOPMENT_TEAM = 5QWX246F7X;
				GENERATE_INFOPLIST_FILE = YES;
				MARKETING_VERSION = 1.0;
				PRODUCT_BUNDLE_IDENTIFIER = GustafJensen.LeetCodeTrainerUITests;
				PRODUCT_NAME = "$(TARGET_NAME)";
				SWIFT_EMIT_LOC_STRINGS = NO;
				SWIFT_VERSION = 5.0;
				TARGETED_DEVICE_FAMILY = "1,2";
				TEST_TARGET_NAME = LeetCodeTrainer;
			};
			name = Debug;
		};
		F4A790392F45A26B00F745FA /* Release */ = {
			isa = XCBuildConfiguration;
			buildSettings = {
				CODE_SIGN_STYLE = Automatic;
				CURRENT_PROJECT_VERSION = 1;
				DEVELOPMENT_TEAM = 5QWX246F7X;
				GENERATE_INFOPLIST_FILE = YES;
				MARKETING_VERSION = 1.0;
				PRODUCT_BUNDLE_IDENTIFIER = GustafJensen.LeetCodeTrainerUITests;
				PRODUCT_NAME = "$(TARGET_NAME)";
				SWIFT_EMIT_LOC_STRINGS = NO;
				SWIFT_VERSION = 5.0;
				TARGETED_DEVICE_FAMILY = "1,2";
				TEST_TARGET_NAME = LeetCodeTrainer;
			};
			name = Release;
		};
/* End XCBuildConfiguration section */

/* Begin XCConfigurationList section */
		F4A790082F45A26900F745FA /* Build configuration list for PBXProject "LeetCodeTrainer" */ = {
			isa = XCConfigurationList;
			buildConfigurations = (
				F4A7902F2F45A26B00F745FA /* Debug */,
				F4A790302F45A26B00F745FA /* Release */,
			);
			defaultConfigurationIsVisible = 0;
			defaultConfigurationName = Release;
		};
		F4A790312F45A26B00F745FA /* Build configuration list for PBXNativeTarget "LeetCodeTrainer" */ = {
			isa = XCConfigurationList;
			buildConfigurations = (
				F4A790322F45A26B00F745FA /* Debug */,
				F4A790332F45A26B00F745FA /* Release */,
			);
			defaultConfigurationIsVisible = 0;
			defaultConfigurationName = Release;
		};
		F4A790342F45A26B00F745FA /* Build configuration list for PBXNativeTarget "LeetCodeTrainerTests" */ = {
			isa = XCConfigurationList;
			buildConfigurations = (
				F4A790352F45A26B00F745FA /* Debug */,
				F4A790362F45A26B00F745FA /* Release */,
			);
			defaultConfigurationIsVisible = 0;
			defaultConfigurationName = Release;
		};
		F4A790372F45A26B00F745FA /* Build configuration list for PBXNativeTarget "LeetCodeTrainerUITests" */ = {
			isa = XCConfigurationList;
			buildConfigurations = (
				F4A790382F45A26B00F745FA /* Debug */,
				F4A790392F45A26B00F745FA /* Release */,
			);
			defaultConfigurationIsVisible = 0;
			defaultConfigurationName = Release;
		};
/* End XCConfigurationList section */
	};
	rootObject = F4A790052F45A26900F745FA /* Project object */;
}
